
Microsoft Visual Studio Solution File, Format Version 12.00
# Visual Studio 2013
VisualStudioVersion = 12.0.31101.0
MinimumVisualStudioVersion = 10.0.40219.1
Project("{FAE04EC0-301F-11D3-BF4B-00C04F79EFBC}") = "Iris", "Iris\Iris.csproj", "{6559B8EA-C1A6-4A4E-95C4-F6ED5685D58B}"
EndProject
Global
	GlobalSection(SolutionConfigurationPlatforms) = preSolution
		Debug|Any CPU = Debug|Any CPU
		Release|Any CPU = Release|Any CPU
	EndGlobalSection
	GlobalSection(ProjectConfigurationPlatforms) = postSolution
		{6559B8EA-C1A6-4A4E-95C4-F6ED5685D58B}.Debug|Any CPU.ActiveCfg = Debug|Any CPU
		{6559B8EA-C1A6-4A4E-95C4-F6ED5685D58B}.Debug|Any CPU.Build.0 = Debug|Any CPU
		{6559B8EA-C1A6-4A4E-95C4-F6ED5685D58B}.Release|Any CPU.ActiveCfg = Release|Any CPU
		{6559B8EA-C1A6-4A4E-95C4-F6ED5685D58B}.Release|Any CPU.Build.0 = Release|Any CPU
	EndGlobalSection
	GlobalSection(SolutionProperties) = preSolution
		HideSolutionNode = FALSE
	EndGlobalSection
EndGlobal
